Microsoft Visual Studio Solution File, Format Version 12.00
# Visual Studio Version 17
VisualStudioVersion = 17.5.2.0
MinimumVisualStudioVersion = 10.0.40219.1
Project("{2150E333-8FDC-42A3-9474-1A3956D46DE8}") = "backend", "backend", "{1AE8ACA6-933B-BF2A-3671-3E2EAC007D16}"
EndProject
Project("{FAE04EC0-301F-11D3-BF4B-00C04F79EFBC}") = "MainService", "backend\MainService\MainService.csproj", "{C5F7C06F-DB40-20F4-AE6D-33C799FC2B9B}"
EndProject
Project("{FAE04EC0-301F-11D3-BF4B-00C04F79EFBC}") = "AuthService", "backend\AuthService\AuthService.csproj", "{71148234-AEEB-4254-A705-925777BC7AB1}"
EndProject
Global
	GlobalSection(SolutionConfigurationPlatforms) = preSolution
		Debug|Any CPU = Debug|Any CPU
		Release|Any CPU = Release|Any CPU
	EndGlobalSection
	GlobalSection(ProjectConfigurationPlatforms) = postSolution
		{C5F7C06F-DB40-20F4-AE6D-33C799FC2B9B}.Debug|Any CPU.ActiveCfg = Debug|Any CPU
		{C5F7C06F-DB40-20F4-AE6D-33C799FC2B9B}.Debug|Any CPU.Build.0 = Debug|Any CPU
		{C5F7C06F-DB40-20F4-AE6D-33C799FC2B9B}.Release|Any CPU.ActiveCfg = Release|Any CPU
		{C5F7C06F-DB40-20F4-AE6D-33C799FC2B9B}.Release|Any CPU.Build.0 = Release|Any CPU
		{71148234-AEEB-4254-A705-925777BC7AB1}.Debug|Any CPU.ActiveCfg = Debug|Any CPU
		{71148234-AEEB-4254-A705-925777BC7AB1}.Debug|Any CPU.Build.0 = Debug|Any CPU
		{71148234-AEEB-4254-A705-925777BC7AB1}.Release|Any CPU.ActiveCfg = Release|Any CPU
		{71148234-AEEB-4254-A705-925777BC7AB1}.Release|Any CPU.Build.0 = Release|Any CPU
	EndGlobalSection
	GlobalSection(SolutionProperties) = preSolution
		HideSolutionNode = FALSE
	EndGlobalSection
	GlobalSection(NestedProjects) = preSolution
		{C5F7C06F-DB40-20F4-AE6D-33C799FC2B9B} = {1AE8ACA6-933B-BF2A-3671-3E2EAC007D16}
		{71148234-AEEB-4254-A705-925777BC7AB1} = {1AE8ACA6-933B-BF2A-3671-3E2EAC007D16}
	EndGlobalSection
	GlobalSection(ExtensibilityGlobals) = postSolution
		SolutionGuid = {0D195F7D-76CB-4284-8B48-FC7E89D7FDDD}
	EndGlobalSection
EndGlobal
